
Microsoft Visual Studio Solution File, Format Version 12.00
# Visual Studio Version 16
VisualStudioVersion = 16.0.30621.155
MinimumVisualStudioVersion = 10.0.40219.1
Project("{FAE04EC0-301F-11D3-BF4B-00C04F79EFBC}") = "kozos_feladat", "kozos_feladat\kozos_feladat.csproj", "{6C983E4F-B5DF-48D4-9D10-96CE62E5A6BC}"
EndProject
Global
	GlobalSection(SolutionConfigurationPlatforms) = preSolution
		Debug|Any CPU = Debug|Any CPU
		Release|Any CPU = Release|Any CPU
	EndGlobalSection
	GlobalSection(ProjectConfigurationPlatforms) = postSolution
		{6C983E4F-B5DF-48D4-9D10-96CE62E5A6BC}.Debug|Any CPU.ActiveCfg = Debug|Any CPU
		{6C983E4F-B5DF-48D4-9D10-96CE62E5A6BC}.Debug|Any CPU.Build.0 = Debug|Any CPU
		{6C983E4F-B5DF-48D4-9D10-96CE62E5A6BC}.Release|Any CPU.ActiveCfg = Release|Any CPU
		{6C983E4F-B5DF-48D4-9D10-96CE62E5A6BC}.Release|Any CPU.Build.0 = Release|Any CPU
	EndGlobalSection
	GlobalSection(SolutionProperties) = preSolution
		HideSolutionNode = FALSE
	EndGlobalSection
	GlobalSection(ExtensibilityGlobals) = postSolution
		SolutionGuid = {5BACD7FB-0E6F-49AA-A180-8EF6172A012F}
	EndGlobalSection
EndGlobal
